// !$*UTF8*$!
{
	archiveVersion = 1;
	classes = {
	};
	objectVersion = 50;
	objects = {

/* Begin PBXBuildFile section */
		046F801E23A9CF0D0082BB5A /* AppDelegate.swift in Sources */ = {isa = PBXBuildFile; fileRef = 046F801D23A9CF0D0082BB5A /* AppDelegate.swift */; };
		046F802023A9CF0D0082BB5A /* ViewController.swift in Sources */ = {isa = PBXBuildFile; fileRef = 046F801F23A9CF0D0082BB5A /* ViewController.swift */; };
		046F802323A9CF0D0082BB5A /* Main.storyboard in Resources */ = {isa = PBXBuildFile; fileRef = 046F802123A9CF0D0082BB5A /* Main.storyboard */; };
		046F802523A9CF110082BB5A /* Assets.xcassets in Resources */ = {isa = PBXBuildFile; fileRef = 046F802423A9CF110082BB5A /* Assets.xcassets */; };
		046F802823A9CF110082BB5A /* LaunchScreen.storyboard in Resources */ = {isa = PBXBuildFile; fileRef = 046F802623A9CF110082BB5A /* LaunchScreen.storyboard */; };
		046F803123A9CF4F0082BB5A /* MapKit.framework in Frameworks */ = {isa = PBXBuildFile; fileRef = 046F803023A9CF4F0082BB5A /* MapKit.framework */; };
		046F803323A9D1C80082BB5A /* data1.xml in Resources */ = {isa = PBXBuildFile; fileRef = 046F803223A9D1C80082BB5A /* data1.xml */; };
		046F803523A9D2980082BB5A /* addressData.swift in Sources */ = {isa = PBXBuildFile; fileRef = 046F803423A9D2980082BB5A /* addressData.swift */; };
/* End PBXBuildFile section */

/* Begin PBXFileReference section */
		046F801A23A9CF0D0082BB5A /* 201880090 고준민.app */ = {isa = PBXFileReference; explicitFileType = wrapper.application; includeInIndex = 0; path = "201880090 고준민.app"; sourceTree = BUILT_PRODUCTS_DIR; };
		046F801D23A9CF0D0082BB5A /* AppDelegate.swift */ = {isa = PBXFileReference; lastKnownFileType = sourcecode.swift; path = AppDelegate.swift; sourceTree = "<group>"; };
		046F801F23A9CF0D0082BB5A /* ViewController.swift */ = {isa = PBXFileReference; lastKnownFileType = sourcecode.swift; path = ViewController.swift; sourceTree = "<group>"; };
		046F802223A9CF0D0082BB5A /* Base */ = {isa = PBXFileReference; lastKnownFileType = file.storyboard; name = Base; path = Base.lproj/Main.storyboard; sourceTree = "<group>"; };
		046F802423A9CF110082BB5A /* Assets.xcassets */ = {isa = PBXFileReference; lastKnownFileType = folder.assetcatalog; path = Assets.xcassets; sourceTree = "<group>"; };
		046F802723A9CF110082BB5A /* Base */ = {isa = PBXFileReference; lastKnownFileType = file.storyboard; name = Base; path = Base.lproj/LaunchScreen.storyboard; sourceTree = "<group>"; };
		046F802923A9CF110082BB5A /* Info.plist */ = {isa = PBXFileReference; lastKnownFileType = text.plist.xml; path = Info.plist; sourceTree = "<group>"; };
		046F803023A9CF4F0082BB5A /* MapKit.framework */ = {isa = PBXFileReference; lastKnownFileType = wrapper.framework; name = MapKit.framework; path = System/Library/Frameworks/MapKit.framework; sourceTree = SDKROOT; };
		046F803223A9D1C80082BB5A /* data1.xml */ = {isa = PBXFileReference; lastKnownFileType = text.xml; path = data1.xml; sourceTree = "<group>"; };
		046F803423A9D2980082BB5A /* addressData.swift */ = {isa = PBXFileReference; lastKnownFileType = sourcecode.swift; path = addressData.swift; sourceTree = "<group>"; };
/* End PBXFileReference section */

/* Begin PBXFrameworksBuildPhase section */
		046F801723A9CF0D0082BB5A /* Frameworks */ = {
			isa = PBXFrameworksBuildPhase;
			buildActionMask = 2147483647;
			files = (
				046F803123A9CF4F0082BB5A /* MapKit.framework in Frameworks */,
			);
			runOnlyForDeploymentPostprocessing = 0;
		};
/* End PBXFrameworksBuildPhase section */

/* Begin PBXGroup section */
		046F801123A9CF0D0082BB5A = {
			isa = PBXGroup;
			children = (
				046F801C23A9CF0D0082BB5A /* 201880090 고준민 */,
				046F801B23A9CF0D0082BB5A /* Products */,
				046F802F23A9CF4F0082BB5A /* Frameworks */,
			);
			sourceTree = "<group>";
		};
		046F801B23A9CF0D0082BB5A /* Products */ = {
			isa = PBXGroup;
			children = (
				046F801A23A9CF0D0082BB5A /* 201880090 고준민.app */,
			);
			name = Products;
			sourceTree = "<group>";
		};
		046F801C23A9CF0D0082BB5A /* 201880090 고준민 */ = {
			isa = PBXGroup;
			children = (
				046F803223A9D1C80082BB5A /* data1.xml */,
				046F801D23A9CF0D0082BB5A /* AppDelegate.swift */,
				046F801F23A9CF0D0082BB5A /* ViewController.swift */,
				046F802123A9CF0D0082BB5A /* Main.storyboard */,
				046F802423A9CF110082BB5A /* Assets.xcassets */,
				046F802623A9CF110082BB5A /* LaunchScreen.storyboard */,
				046F802923A9CF110082BB5A /* Info.plist */,
				046F803423A9D2980082BB5A /* addressData.swift */,
			);
			path = "201880090 고준민";
			sourceTree = "<group>";
		};
		046F802F23A9CF4F0082BB5A /* Frameworks */ = {
			isa = PBXGroup;
			children = (
				046F803023A9CF4F0082BB5A /* MapKit.framework */,
			);
			name = Frameworks;
			sourceTree = "<group>";
		};
/* End PBXGroup section */

/* Begin PBXNativeTarget section */
		046F801923A9CF0D0082BB5A /* 201880090 고준민 */ = {
			isa = PBXNativeTarget;
			buildConfigurationList = 046F802C23A9CF110082BB5A /* Build configuration list for PBXNativeTarget "201880090 고준민" */;
			buildPhases = (
				046F801623A9CF0D0082BB5A /* Sources */,
				046F801723A9CF0D0082BB5A /* Frameworks */,
				046F801823A9CF0D0082BB5A /* Resources */,
			);
			buildRules = (
			);
			dependencies = (
			);
			name = "201880090 고준민";
			productName = "201880090 고준민";
			productReference = 046F801A23A9CF0D0082BB5A /* 201880090 고준민.app */;
			productType = "com.apple.product-type.application";
		};
/* End PBXNativeTarget section */

/* Begin PBXProject section */
		046F801223A9CF0D0082BB5A /* Project object */ = {
			isa = PBXProject;
			attributes = {
				LastSwiftUpdateCheck = 1010;
				LastUpgradeCheck = 1010;
				ORGANIZATIONNAME = BlueScreen;
				TargetAttributes = {
					046F801923A9CF0D0082BB5A = {
						CreatedOnToolsVersion = 10.1;
					};
				};
			};
			buildConfigurationList = 046F801523A9CF0D0082BB5A /* Build configuration list for PBXProject "201880090 고준민" */;
			compatibilityVersion = "Xcode 9.3";
			developmentRegion = en;
			hasScannedForEncodings = 0;
			knownRegions = (
				en,
				Base,
			);
			mainGroup = 046F801123A9CF0D0082BB5A;
			productRefGroup = 046F801B23A9CF0D0082BB5A /* Products */;
			projectDirPath = "";
			projectRoot = "";
			targets = (
				046F801923A9CF0D0082BB5A /* 201880090 고준민 */,
			);
		};
/* End PBXProject section */

/* Begin PBXResourcesBuildPhase section */
		046F801823A9CF0D0082BB5A /* Resources */ = {
			isa = PBXResourcesBuildPhase;
			buildActionMask = 2147483647;
			files = (
				046F802823A9CF110082BB5A /* LaunchScreen.storyboard in Resources */,
				046F802523A9CF110082BB5A /* Assets.xcassets in Resources */,
				046F802323A9CF0D0082BB5A /* Main.storyboard in Resources */,
				046F803323A9D1C80082BB5A /* data1.xml in Resources */,
			);
			runOnlyForDeploymentPostprocessing = 0;
		};
/* End PBXResourcesBuildPhase section */

/* Begin PBXSourcesBuildPhase section */
		046F801623A9CF0D0082BB5A /* Sources */ = {
			isa = PBXSourcesBuildPhase;
			buildActionMask = 2147483647;
			files = (
				046F803523A9D2980082BB5A /* addressData.swift in Sources */,
				046F802023A9CF0D0082BB5A /* ViewController.swift in Sources */,
				046F801E23A9CF0D0082BB5A /* AppDelegate.swift in Sources */,
			);
			runOnlyForDeploymentPostprocessing = 0;
		};
/* End PBXSourcesBuildPhase section */

/* Begin PBXVariantGroup section */
		046F802123A9CF0D0082BB5A /* Main.storyboard */ = {
			isa = PBXVariantGroup;
			children = (
				046F802223A9CF0D0082BB5A /* Base */,
			);
			name = Main.storyboard;
			sourceTree = "<group>";
		};
		046F802623A9CF110082BB5A /* LaunchScreen.storyboard */ = {
			isa = PBXVariantGroup;
			children = (
				046F802723A9CF110082BB5A /* Base */,
			);
			name = LaunchScreen.storyboard;
			sourceTree = "<group>";
		};
/* End PBXVariantGroup section */

/* Begin XCBuildConfiguration section */
		046F802A23A9CF110082BB5A /* Debug */ = {
			isa = XCBuildConfiguration;
			buildSettings = {
				ALWAYS_SEARCH_USER_PATHS = NO;
				CLANG_ANALYZER_NONNULL = YES;
				CLANG_ANALYZER_NUMBER_OBJECT_CONVERSION = YES_AGGRESSIVE;
				CLANG_CXX_LANGUAGE_STANDARD = "gnu++14";
				CLANG_CXX_LIBRARY = "libc++";
				CLANG_ENABLE_MODULES = YES;
				CLANG_ENABLE_OBJC_ARC = YES;
				CLANG_ENABLE_OBJC_WEAK = YES;
				CLANG_WARN_BLOCK_CAPTURE_AUTORELEASING = YES;
				CLANG_WARN_BOOL_CONVERSION = YES;
				CLANG_WARN_COMMA = YES;
				CLANG_WARN_CONSTANT_CONVERSION = YES;
				CLANG_WARN_DEPRECATED_OBJC_IMPLEMENTATIONS = YES;
				CLANG_WARN_DIRECT_OBJC_ISA_USAGE = YES_ERROR;
				CLANG_WARN_DOCUMENTATION_COMMENTS = YES;
				CLANG_WARN_EMPTY_BODY = YES;
				CLANG_WARN_ENUM_CONVERSION = YES;
				CLANG_WARN_INFINITE_RECURSION = YES;
				CLANG_WARN_INT_CONVERSION = YES;
				CLANG_WARN_NON_LITERAL_NULL_CONVERSION = YES;
				CLANG_WARN_OBJC_IMPLICIT_RETAIN_SELF = YES;
				CLANG_WARN_OBJC_LITERAL_CONVERSION = YES;
				CLANG_WARN_OBJC_ROOT_CLASS = YES_ERROR;
				CLANG_WARN_RANGE_LOOP_ANALYSIS = YES;
				CLANG_WARN_STRICT_PROTOTYPES = YES;
				CLANG_WARN_SUSPICIOUS_MOVE = YES;
				CLANG_WARN_UNGUARDED_AVAILABILITY = YES_AGGRESSIVE;
				CLANG_WARN_UNREACHABLE_CODE = YES;
				CLANG_WARN__DUPLICATE_METHOD_MATCH = YES;
				CODE_SIGN_IDENTITY = "iPhone Developer";
				COPY_PHASE_STRIP = NO;
				DEBUG_INFORMATION_FORMAT = dwarf;
				ENABLE_STRICT_OBJC_MSGSEND = YES;
				ENABLE_TESTABILITY = YES;
				GCC_C_LANGUAGE_STANDARD = gnu11;
				GCC_DYNAMIC_NO_PIC = NO;
				GCC_NO_COMMON_BLOCKS = YES;
				GCC_OPTIMIZATION_LEVEL = 0;
				GCC_PREPROCESSOR_DEFINITIONS = (
					"DEBUG=1",
					"$(inherited)",
				);
				GCC_WARN_64_TO_32_BIT_CONVERSION = YES;
				GCC_WARN_ABOUT_RETURN_TYPE = YES_ERROR;
				GCC_WARN_UNDECLARED_SELECTOR = YES;
				GCC_WARN_UNINITIALIZED_AUTOS = YES_AGGRESSIVE;
				GCC_WARN_UNUSED_FUNCTION = YES;
				GCC_WARN_UNUSED_VARIABLE = YES;
				IPHONEOS_DEPLOYMENT_TARGET = 12.1;
				MTL_ENABLE_DEBUG_INFO = INCLUDE_SOURCE;
				MTL_FAST_MATH = YES;
				ONLY_ACTIVE_ARCH = YES;
				SDKROOT = iphoneos;
				SWIFT_ACTIVE_COMPILATION_CONDITIONS = DEBUG;
				SWIFT_OPTIMIZATION_LEVEL = "-Onone";
			};
			name = Debug;
		};
		046F802B23A9CF110082BB5A /* Release */ = {
			isa = XCBuildConfiguration;
			buildSettings = {
				ALWAYS_SEARCH_USER_PATHS = NO;
				CLANG_ANALYZER_NONNULL = YES;
				CLANG_ANALYZER_NUMBER_OBJECT_CONVERSION = YES_AGGRESSIVE;
				CLANG_CXX_LANGUAGE_STANDARD = "gnu++14";
				CLANG_CXX_LIBRARY = "libc++";
				CLANG_ENABLE_MODULES = YES;
				CLANG_ENABLE_OBJC_ARC = YES;
				CLANG_ENABLE_OBJC_WEAK = YES;
				CLANG_WARN_BLOCK_CAPTURE_AUTORELEASING = YES;
				CLANG_WARN_BOOL_CONVERSION = YES;
				CLANG_WARN_COMMA = YES;
				CLANG_WARN_CONSTANT_CONVERSION = YES;
				CLANG_WARN_DEPRECATED_OBJC_IMPLEMENTATIONS = YES;
				CLANG_WARN_DIRECT_OBJC_ISA_USAGE = YES_ERROR;
				CLANG_WARN_DOCUMENTATION_COMMENTS = YES;
				CLANG_WARN_EMPTY_BODY = YES;
				CLANG_WARN_ENUM_CONVERSION = YES;
				CLANG_WARN_INFINITE_RECURSION = YES;
				CLANG_WARN_INT_CONVERSION = YES;
				CLANG_WARN_NON_LITERAL_NULL_CONVERSION = YES;
				CLANG_WARN_OBJC_IMPLICIT_RETAIN_SELF = YES;
				CLANG_WARN_OBJC_LITERAL_CONVERSION = YES;
				CLANG_WARN_OBJC_ROOT_CLASS = YES_ERROR;
				CLANG_WARN_RANGE_LOOP_ANALYSIS = YES;
				CLANG_WARN_STRICT_PROTOTYPES = YES;
				CLANG_WARN_SUSPICIOUS_MOVE = YES;
				CLANG_WARN_UNGUARDED_AVAILABILITY = YES_AGGRESSIVE;
				CLANG_WARN_UNREACHABLE_CODE = YES;
				CLANG_WARN__DUPLICATE_METHOD_MATCH = YES;
				CODE_SIGN_IDENTITY = "iPhone Developer";
				COPY_PHASE_STRIP = NO;
				DEBUG_INFORMATION_FORMAT = "dwarf-with-dsym";
				ENABLE_NS_ASSERTIONS = NO;
				ENABLE_STRICT_OBJC_MSGSEND = YES;
				GCC_C_LANGUAGE_STANDARD = gnu11;
				GCC_NO_COMMON_BLOCKS = YES;
				GCC_WARN_64_TO_32_BIT_CONVERSION = YES;
				GCC_WARN_ABOUT_RETURN_TYPE = YES_ERROR;
				GCC_WARN_UNDECLARED_SELECTOR = YES;
				GCC_WARN_UNINITIALIZED_AUTOS = YES_AGGRESSIVE;
				GCC_WARN_UNUSED_FUNCTION = YES;
				GCC_WARN_UNUSED_VARIABLE = YES;
				IPHONEOS_DEPLOYMENT_TARGET = 12.1;
				MTL_ENABLE_DEBUG_INFO = NO;
				MTL_FAST_MATH = YES;
				SDKROOT = iphoneos;
				SWIFT_COMPILATION_MODE = wholemodule;
				SWIFT_OPTIMIZATION_LEVEL = "-O";
				VALIDATE_PRODUCT = YES;
			};
			name = Release;
		};
		046F802D23A9CF110082BB5A /* Debug */ = {
			isa = XCBuildConfiguration;
			buildSettings = {
				ASSETCATALOG_COMPILER_APPICON_NAME = AppIcon;
				CODE_SIGN_STYLE = Automatic;
				INFOPLIST_FILE = "201880090 고준민/Info.plist";
				LD_RUNPATH_SEARCH_PATHS = (
					"$(inherited)",
					"@executable_path/Frameworks",
				);
				PRODUCT_BUNDLE_IDENTIFIER = "-.-01880090---------";
				PRODUCT_NAME = "$(TARGET_NAME)";
				SWIFT_VERSION = 4.2;
				TARGETED_DEVICE_FAMILY = "1,2";
			};
			name = Debug;
		};
		046F802E23A9CF110082BB5A /* Release */ = {
			isa = XCBuildConfiguration;
			buildSettings = {
				ASSETCATALOG_COMPILER_APPICON_NAME = AppIcon;
				CODE_SIGN_STYLE = Automatic;
				INFOPLIST_FILE = "201880090 고준민/Info.plist";
				LD_RUNPATH_SEARCH_PATHS = (
					"$(inherited)",
					"@executable_path/Frameworks",
				);
				PRODUCT_BUNDLE_IDENTIFIER = "-.-01880090---------";
				PRODUCT_NAME = "$(TARGET_NAME)";
				SWIFT_VERSION = 4.2;
				TARGETED_DEVICE_FAMILY = "1,2";
			};
			name = Release;
		};
/* End XCBuildConfiguration section */

/* Begin XCConfigurationList section */
		046F801523A9CF0D0082BB5A /* Build configuration list for PBXProject "201880090 고준민" */ = {
			isa = XCConfigurationList;
			buildConfigurations = (
				046F802A23A9CF110082BB5A /* Debug */,
				046F802B23A9CF110082BB5A /* Release */,
			);
			defaultConfigurationIsVisible = 0;
			defaultConfigurationName = Release;
		};
		046F802C23A9CF110082BB5A /* Build configuration list for PBXNativeTarget "201880090 고준민" */ = {
			isa = XCConfigurationList;
			buildConfigurations = (
				046F802D23A9CF110082BB5A /* Debug */,
				046F802E23A9CF110082BB5A /* Release */,
			);
			defaultConfigurationIsVisible = 0;
			defaultConfigurationName = Release;
		};
/* End XCConfigurationList section */
	};
	rootObject = 046F801223A9CF0D0082BB5A /* Project object */;
}
